{
  "name": "cedarling-example-electron-runtime",
  "version": "1.0.0",
  "lockfileVersion": 2,
  "requires": true,
  "packages": {
    "": {
      "name": "cedarling-example-electron-runtime",
      "version": "1.0.0",
      "hasInstallScript": true,
      "license": "MIT",
      "private": true,
      "dependencies": {
        "@janssenproject/cedarling": "1.0.0"
      }
    },
    "node_modules/@janssenproject/cedarling": {
      "version": "1.0.0",
      "license": "Apache-2.0",
      "dependencies": {
        "@janssenproject/cedarling_wasm": "1.0.0"
      },
      "engines": {
        "node": ">=20.19"
      }
    },
    "node_modules/@janssenproject/cedarling_wasm": {
      "version": "1.0.0",
      "license": "Apache-2.0"
    }
  }
}
