// !$*UTF8*$!
{
	archiveVersion = 1;
	classes = {
	};
	objectVersion = 56;
	objects = {

/* Begin PBXBuildFile section */
		3003B0632AE69A7F0068F411 /* UserInfo.swift in Sources */ = {isa = PBXBuildFile; fileRef = 3003B0622AE69A7F0068F411 /* UserInfo.swift */; };
		3004A9F92AEBDE79000CDB62 /* DPoPProofFactory.swift in Sources */ = {isa = PBXBuildFile; fileRef = 3004A9F82AEBDE79000CDB62 /* DPoPProofFactory.swift */; };
		3004A9FC2AEBE414000CDB62 /* SwiftJWT in Frameworks */ = {isa = PBXBuildFile; productRef = 3004A9FB2AEBE414000CDB62 /* SwiftJWT */; };
		3004AA032AEC46F0000CDB62 /* SecKey+KeyPair.swift in Sources */ = {isa = PBXBuildFile; fileRef = 3004AA022AEC46F0000CDB62 /* SecKey+KeyPair.swift */; };
		3004AA0A2AEC59C8000CDB62 /* SecKey+KeyData.swift in Sources */ = {isa = PBXBuildFile; fileRef = 3004AA092AEC59C8000CDB62 /* SecKey+KeyData.swift */; };
		304311F22ACC05E4006B8D40 /* Jans_ChipApp.swift in Sources */ = {isa = PBXBuildFile; fileRef = 304311F12ACC05E4006B8D40 /* Jans_ChipApp.swift */; };
		304311F62ACC05E5006B8D40 /* Assets.xcassets in Resources */ = {isa = PBXBuildFile; fileRef = 304311F52ACC05E5006B8D40 /* Assets.xcassets */; };
		304311F92ACC05E5006B8D40 /* Preview Assets.xcassets in Resources */ = {isa = PBXBuildFile; fileRef = 304311F82ACC05E5006B8D40 /* Preview Assets.xcassets */; };
		3049C20B2AD6D0BC00164883 /* AppConfig.swift in Sources */ = {isa = PBXBuildFile; fileRef = 3049C20A2AD6D0BC00164883 /* AppConfig.swift */; };
		3049C2102AD7F59600164883 /* DCRRepository.swift in Sources */ = {isa = PBXBuildFile; fileRef = 3049C20F2AD7F59600164883 /* DCRRepository.swift */; };
		3049C2122AD7F93100164883 /* DCRequest.swift in Sources */ = {isa = PBXBuildFile; fileRef = 3049C2112AD7F93100164883 /* DCRequest.swift */; };
		3049C2142AD80D2F00164883 /* AppIntegrityEntity.swift in Sources */ = {isa = PBXBuildFile; fileRef = 3049C2132AD80D2F00164883 /* AppIntegrityEntity.swift */; };
		3049C2162AD8151100164883 /* PlayIntegrityRepository.swift in Sources */ = {isa = PBXBuildFile; fileRef = 3049C2152AD8151100164883 /* PlayIntegrityRepository.swift */; };
		3049C2182AD8163A00164883 /* AppIntegrityResponse.swift in Sources */ = {isa = PBXBuildFile; fileRef = 3049C2172AD8163A00164883 /* AppIntegrityResponse.swift */; };
		3063E5682ACC0890002B4879 /* MainViewInteractor.swift in Sources */ = {isa = PBXBuildFile; fileRef = 3063E5672ACC0890002B4879 /* MainViewInteractor.swift */; };
		3063E56A2ACC0973002B4879 /* MainViewState.swift in Sources */ = {isa = PBXBuildFile; fileRef = 3063E5692ACC0973002B4879 /* MainViewState.swift */; };
		3063E56C2ACC0BAF002B4879 /* MainViewPresenter.swift in Sources */ = {isa = PBXBuildFile; fileRef = 3063E56B2ACC0BAF002B4879 /* MainViewPresenter.swift */; };
		3063E56E2ACC0BFE002B4879 /* MainViewAssembler.swift in Sources */ = {isa = PBXBuildFile; fileRef = 3063E56D2ACC0BFE002B4879 /* MainViewAssembler.swift */; };
		3063E5702ACC0CE9002B4879 /* MainView.swift in Sources */ = {isa = PBXBuildFile; fileRef = 3063E56F2ACC0CE9002B4879 /* MainView.swift */; };
		3063E5732ACD54C9002B4879 /* Alamofire in Frameworks */ = {isa = PBXBuildFile; productRef = 3063E5722ACD54C9002B4879 /* Alamofire */; };
		3063E5792ACD60D7002B4879 /* TokenResponse.swift in Sources */ = {isa = PBXBuildFile; fileRef = 3063E5782ACD60D7002B4879 /* TokenResponse.swift */; };
		3063E57C2ACD6139002B4879 /* Error.swift in Sources */ = {isa = PBXBuildFile; fileRef = 3063E57B2ACD6139002B4879 /* Error.swift */; };
		3063E5812ACD7897002B4879 /* EndpointConfiguration.swift in Sources */ = {isa = PBXBuildFile; fileRef = 3063E5802ACD7897002B4879 /* EndpointConfiguration.swift */; };
		3063E5832ACD78DF002B4879 /* EndpointRouter.swift in Sources */ = {isa = PBXBuildFile; fileRef = 3063E5822ACD78DF002B4879 /* EndpointRouter.swift */; };
		3063E5852ACD7EEC002B4879 /* OPConfiguration.swift in Sources */ = {isa = PBXBuildFile; fileRef = 3063E5842ACD7EEC002B4879 /* OPConfiguration.swift */; };
		3063E5872ACEB4F8002B4879 /* ServiceClient.swift in Sources */ = {isa = PBXBuildFile; fileRef = 3063E5862ACEB4F8002B4879 /* ServiceClient.swift */; };
		3063E5902AD04A34002B4879 /* RegisterViewPresenter.swift in Sources */ = {isa = PBXBuildFile; fileRef = 3063E58B2AD04A34002B4879 /* RegisterViewPresenter.swift */; };
		3063E5912AD04A34002B4879 /* RegisterViewAssembler.swift in Sources */ = {isa = PBXBuildFile; fileRef = 3063E58C2AD04A34002B4879 /* RegisterViewAssembler.swift */; };
		3063E5922AD04A34002B4879 /* RegisterViewState.swift in Sources */ = {isa = PBXBuildFile; fileRef = 3063E58D2AD04A34002B4879 /* RegisterViewState.swift */; };
		3063E5932AD04A34002B4879 /* RegisterView.swift in Sources */ = {isa = PBXBuildFile; fileRef = 3063E58E2AD04A34002B4879 /* RegisterView.swift */; };
		3063E5942AD04A34002B4879 /* RegisterViewInteractor.swift in Sources */ = {isa = PBXBuildFile; fileRef = 3063E58F2AD04A34002B4879 /* RegisterViewInteractor.swift */; };
		3063E5972AD051D7002B4879 /* JansButton.swift in Sources */ = {isa = PBXBuildFile; fileRef = 3063E5962AD051D7002B4879 /* JansButton.swift */; };
		3063E59E2AD406D3002B4879 /* LoginViewPresenter.swift in Sources */ = {isa = PBXBuildFile; fileRef = 3063E5992AD406D3002B4879 /* LoginViewPresenter.swift */; };
		3063E59F2AD406D3002B4879 /* LoginViewAssembler.swift in Sources */ = {isa = PBXBuildFile; fileRef = 3063E59A2AD406D3002B4879 /* LoginViewAssembler.swift */; };
		3063E5A02AD406D3002B4879 /* LoginView.swift in Sources */ = {isa = PBXBuildFile; fileRef = 3063E59B2AD406D3002B4879 /* LoginView.swift */; };
		3063E5A12AD406D3002B4879 /* LoginViewState.swift in Sources */ = {isa = PBXBuildFile; fileRef = 3063E59C2AD406D3002B4879 /* LoginViewState.swift */; };
		3063E5A22AD406D3002B4879 /* LoginViewInteractor.swift in Sources */ = {isa = PBXBuildFile; fileRef = 3063E59D2AD406D3002B4879 /* LoginViewInteractor.swift */; };
		3063E5A62AD410F9002B4879 /* RealmSwift in Frameworks */ = {isa = PBXBuildFile; productRef = 3063E5A52AD410F9002B4879 /* RealmSwift */; };
		3063E5AB2AD41238002B4879 /* OIDCClient.swift in Sources */ = {isa = PBXBuildFile; fileRef = 3063E5AA2AD41238002B4879 /* OIDCClient.swift */; };
		3063E5AE2AD6BE05002B4879 /* UIApplication+Alert.swift in Sources */ = {isa = PBXBuildFile; fileRef = 3063E5AD2AD6BE05002B4879 /* UIApplication+Alert.swift */; };
		3063E5B02AD6C623002B4879 /* RealmManager.swift in Sources */ = {isa = PBXBuildFile; fileRef = 3063E5AF2AD6C623002B4879 /* RealmManager.swift */; };
		3063E5B22AD6CAEB002B4879 /* DCResponse.swift in Sources */ = {isa = PBXBuildFile; fileRef = 3063E5B12AD6CAEB002B4879 /* DCResponse.swift */; };
		306EA0DA2AF0F27400167E4C /* AfterLoginViewInteractor.swift in Sources */ = {isa = PBXBuildFile; fileRef = 306EA0D52AF0F27400167E4C /* AfterLoginViewInteractor.swift */; };
		306EA0DB2AF0F27400167E4C /* AfterLoginView.swift in Sources */ = {isa = PBXBuildFile; fileRef = 306EA0D62AF0F27400167E4C /* AfterLoginView.swift */; };
		306EA0DC2AF0F27400167E4C /* AfterLoginViewPresenter.swift in Sources */ = {isa = PBXBuildFile; fileRef = 306EA0D72AF0F27400167E4C /* AfterLoginViewPresenter.swift */; };
		306EA0DD2AF0F27400167E4C /* AfterLoginViewAssembler.swift in Sources */ = {isa = PBXBuildFile; fileRef = 306EA0D82AF0F27400167E4C /* AfterLoginViewAssembler.swift */; };
		306EA0DE2AF0F27400167E4C /* AfterLoginViewState.swift in Sources */ = {isa = PBXBuildFile; fileRef = 306EA0D92AF0F27400167E4C /* AfterLoginViewState.swift */; };
		307176312B0E35D5001C19B1 /* JOSESwift in Frameworks */ = {isa = PBXBuildFile; productRef = 307176302B0E35D5001C19B1 /* JOSESwift */; };
		307176332B0E3861001C19B1 /* Checksum.swift in Sources */ = {isa = PBXBuildFile; fileRef = 307176322B0E3861001C19B1 /* Checksum.swift */; };
		3079EC482AE1532600ECA57C /* LoginResponse.swift in Sources */ = {isa = PBXBuildFile; fileRef = 3079EC472AE1532600ECA57C /* LoginResponse.swift */; };
		30A44AAB2C41655800B71E8A /* PublicKeyCredentialSource.swift in Sources */ = {isa = PBXBuildFile; fileRef = 30A44AAA2C41655800B71E8A /* PublicKeyCredentialSource.swift */; };
		30A44AAD2C416E4200B71E8A /* Authenticator.swift in Sources */ = {isa = PBXBuildFile; fileRef = 30A44AAC2C416E4200B71E8A /* Authenticator.swift */; };
		30A44AAF2C41728000B71E8A /* CredentialSafe.swift in Sources */ = {isa = PBXBuildFile; fileRef = 30A44AAE2C41728000B71E8A /* CredentialSafe.swift */; };
		30A44AB12C4178A700B71E8A /* AuthenticatorMakeCredentialOptions.swift in Sources */ = {isa = PBXBuildFile; fileRef = 30A44AB02C4178A700B71E8A /* AuthenticatorMakeCredentialOptions.swift */; };
		30A44AB32C417BBA00B71E8A /* RpEntity.swift in Sources */ = {isa = PBXBuildFile; fileRef = 30A44AB22C417BBA00B71E8A /* RpEntity.swift */; };
		30A44AB52C417BFB00B71E8A /* UserEntity.swift in Sources */ = {isa = PBXBuildFile; fileRef = 30A44AB42C417BFB00B71E8A /* UserEntity.swift */; };
		30A44AB72C417C2900B71E8A /* PublicKeyCredentialDescriptor.swift in Sources */ = {isa = PBXBuildFile; fileRef = 30A44AB62C417C2900B71E8A /* PublicKeyCredentialDescriptor.swift */; };
		30A44AB92C466C0900B71E8A /* AttestationResultRequest.swift in Sources */ = {isa = PBXBuildFile; fileRef = 30A44AB82C466C0900B71E8A /* AttestationResultRequest.swift */; };
		30A44ABB2C466CC300B71E8A /* Response.swift in Sources */ = {isa = PBXBuildFile; fileRef = 30A44ABA2C466CC300B71E8A /* Response.swift */; };
		30A44ABD2C46738800B71E8A /* AttestationObject.swift in Sources */ = {isa = PBXBuildFile; fileRef = 30A44ABC2C46738800B71E8A /* AttestationObject.swift */; };
		30A44ABF2C467FCD00B71E8A /* ClientData.swift in Sources */ = {isa = PBXBuildFile; fileRef = 30A44ABE2C467FCD00B71E8A /* ClientData.swift */; };
		30A44AC12C4683EF00B71E8A /* CBOR.swift in Sources */ = {isa = PBXBuildFile; fileRef = 30A44AC02C4683EF00B71E8A /* CBOR.swift */; };
		30A44AC32C469A9300B71E8A /* AttestationResultResponse.swift in Sources */ = {isa = PBXBuildFile; fileRef = 30A44AC22C469A9300B71E8A /* AttestationResultResponse.swift */; };
		30A44AC52C46A86A00B71E8A /* AuthAdaptor.swift in Sources */ = {isa = PBXBuildFile; fileRef = 30A44AC42C46A86900B71E8A /* AuthAdaptor.swift */; };
		30BA05422C3FE29A0081FF78 /* AttestationOptionRequest.swift in Sources */ = {isa = PBXBuildFile; fileRef = 30BA05412C3FE29A0081FF78 /* AttestationOptionRequest.swift */; };
		30BA05442C3FE5B10081FF78 /* AttestationOptionResponse.swift in Sources */ = {isa = PBXBuildFile; fileRef = 30BA05432C3FE5B10081FF78 /* AttestationOptionResponse.swift */; };
		30BA05462C3FE71B0081FF78 /* User.swift in Sources */ = {isa = PBXBuildFile; fileRef = 30BA05452C3FE71B0081FF78 /* User.swift */; };
		30BA05482C3FE76E0081FF78 /* RP.swift in Sources */ = {isa = PBXBuildFile; fileRef = 30BA05472C3FE76E0081FF78 /* RP.swift */; };
		30BA054A2C3FE7A60081FF78 /* AuthenticatorSelection.swift in Sources */ = {isa = PBXBuildFile; fileRef = 30BA05492C3FE7A60081FF78 /* AuthenticatorSelection.swift */; };
		30BA054C2C3FE8790081FF78 /* PubKeyCredParam.swift in Sources */ = {isa = PBXBuildFile; fileRef = 30BA054B2C3FE8790081FF78 /* PubKeyCredParam.swift */; };
		30CC3C182C3BEE3A00AFFD0D /* JWTClaimsSet.swift in Sources */ = {isa = PBXBuildFile; fileRef = 30CC3C172C3BEE3A00AFFD0D /* JWTClaimsSet.swift */; };
		30CC3C1B2C3BF02800AFFD0D /* JWTDecode in Frameworks */ = {isa = PBXBuildFile; productRef = 30CC3C1A2C3BF02800AFFD0D /* JWTDecode */; };
		30CC3C1F2C3C072000AFFD0D /* FidoConfiguration.swift in Sources */ = {isa = PBXBuildFile; fileRef = 30CC3C1E2C3C072000AFFD0D /* FidoConfiguration.swift */; };
		30CC3C212C3C07C600AFFD0D /* Attestation.swift in Sources */ = {isa = PBXBuildFile; fileRef = 30CC3C202C3C07C600AFFD0D /* Attestation.swift */; };
		30CC3C232C3C0B3F00AFFD0D /* Assertion.swift in Sources */ = {isa = PBXBuildFile; fileRef = 30CC3C222C3C0B3F00AFFD0D /* Assertion.swift */; };
		30D0B7A52AF2793800322E90 /* CheckListView.swift in Sources */ = {isa = PBXBuildFile; fileRef = 30D0B7A42AF2793800322E90 /* CheckListView.swift */; };
/* End PBXBuildFile section */

/* Begin PBXFileReference section */
		3003B0622AE69A7F0068F411 /* UserInfo.swift */ = {isa = PBXFileReference; lastKnownFileType = sourcecode.swift; path = UserInfo.swift; sourceTree = "<group>"; };
		3004A9F82AEBDE79000CDB62 /* DPoPProofFactory.swift */ = {isa = PBXFileReference; lastKnownFileType = sourcecode.swift; path = DPoPProofFactory.swift; sourceTree = "<group>"; };
		3004AA022AEC46F0000CDB62 /* SecKey+KeyPair.swift */ = {isa = PBXFileReference; lastKnownFileType = sourcecode.swift; path = "SecKey+KeyPair.swift"; sourceTree = "<group>"; };
		3004AA092AEC59C8000CDB62 /* SecKey+KeyData.swift */ = {isa = PBXFileReference; lastKnownFileType = sourcecode.swift; path = "SecKey+KeyData.swift"; sourceTree = "<group>"; };
		304311EE2ACC05E4006B8D40 /* Jans-Chip.app */ = {isa = PBXFileReference; explicitFileType = wrapper.application; includeInIndex = 0; path = "Jans-Chip.app"; sourceTree = BUILT_PRODUCTS_DIR; };
		304311F12ACC05E4006B8D40 /* Jans_ChipApp.swift */ = {isa = PBXFileReference; lastKnownFileType = sourcecode.swift; path = Jans_ChipApp.swift; sourceTree = "<group>"; };
		304311F52ACC05E5006B8D40 /* Assets.xcassets */ = {isa = PBXFileReference; lastKnownFileType = folder.assetcatalog; path = Assets.xcassets; sourceTree = "<group>"; };
		304311F82ACC05E5006B8D40 /* Preview Assets.xcassets */ = {isa = PBXFileReference; lastKnownFileType = folder.assetcatalog; path = "Preview Assets.xcassets"; sourceTree = "<group>"; };
		3049C20A2AD6D0BC00164883 /* AppConfig.swift */ = {isa = PBXFileReference; lastKnownFileType = sourcecode.swift; path = AppConfig.swift; sourceTree = "<group>"; };
		3049C20F2AD7F59600164883 /* DCRRepository.swift */ = {isa = PBXFileReference; lastKnownFileType = sourcecode.swift; path = DCRRepository.swift; sourceTree = "<group>"; };
		3049C2112AD7F93100164883 /* DCRequest.swift */ = {isa = PBXFileReference; lastKnownFileType = sourcecode.swift; path = DCRequest.swift; sourceTree = "<group>"; };
		3049C2132AD80D2F00164883 /* AppIntegrityEntity.swift */ = {isa = PBXFileReference; lastKnownFileType = sourcecode.swift; path = AppIntegrityEntity.swift; sourceTree = "<group>"; };
		3049C2152AD8151100164883 /* PlayIntegrityRepository.swift */ = {isa = PBXFileReference; lastKnownFileType = sourcecode.swift; path = PlayIntegrityRepository.swift; sourceTree = "<group>"; };
		3049C2172AD8163A00164883 /* AppIntegrityResponse.swift */ = {isa = PBXFileReference; lastKnownFileType = sourcecode.swift; path = AppIntegrityResponse.swift; sourceTree = "<group>"; };
		3063E5672ACC0890002B4879 /* MainViewInteractor.swift */ = {isa = PBXFileReference; lastKnownFileType = sourcecode.swift; path = MainViewInteractor.swift; sourceTree = "<group>"; };
		3063E5692ACC0973002B4879 /* MainViewState.swift */ = {isa = PBXFileReference; lastKnownFileType = sourcecode.swift; path = MainViewState.swift; sourceTree = "<group>"; };
		3063E56B2ACC0BAF002B4879 /* MainViewPresenter.swift */ = {isa = PBXFileReference; lastKnownFileType = sourcecode.swift; path = MainViewPresenter.swift; sourceTree = "<group>"; };
		3063E56D2ACC0BFE002B4879 /* MainViewAssembler.swift */ = {isa = PBXFileReference; lastKnownFileType = sourcecode.swift; path = MainViewAssembler.swift; sourceTree = "<group>"; };
		3063E56F2ACC0CE9002B4879 /* MainView.swift */ = {isa = PBXFileReference; lastKnownFileType = sourcecode.swift; path = MainView.swift; sourceTree = "<group>"; };
		3063E5782ACD60D7002B4879 /* TokenResponse.swift */ = {isa = PBXFileReference; lastKnownFileType = sourcecode.swift; path = TokenResponse.swift; sourceTree = "<group>"; };
		3063E57B2ACD6139002B4879 /* Error.swift */ = {isa = PBXFileReference; lastKnownFileType = sourcecode.swift; path = Error.swift; sourceTree = "<group>"; };
		3063E5802ACD7897002B4879 /* EndpointConfiguration.swift */ = {isa = PBXFileReference; lastKnownFileType = sourcecode.swift; path = EndpointConfiguration.swift; sourceTree = "<group>"; };
		3063E5822ACD78DF002B4879 /* EndpointRouter.swift */ = {isa = PBXFileReference; lastKnownFileType = sourcecode.swift; path = EndpointRouter.swift; sourceTree = "<group>"; };
		3063E5842ACD7EEC002B4879 /* OPConfiguration.swift */ = {isa = PBXFileReference; lastKnownFileType = sourcecode.swift; path = OPConfiguration.swift; sourceTree = "<group>"; };
		3063E5862ACEB4F8002B4879 /* ServiceClient.swift */ = {isa = PBXFileReference; lastKnownFileType = sourcecode.swift; path = ServiceClient.swift; sourceTree = "<group>"; };
		3063E58B2AD04A34002B4879 /* RegisterViewPresenter.swift */ = {isa = PBXFileReference; fileEncoding = 4; lastKnownFileType = sourcecode.swift; path = RegisterViewPresenter.swift; sourceTree = "<group>"; };
		3063E58C2AD04A34002B4879 /* RegisterViewAssembler.swift */ = {isa = PBXFileReference; fileEncoding = 4; lastKnownFileType = sourcecode.swift; path = RegisterViewAssembler.swift; sourceTree = "<group>"; };
		3063E58D2AD04A34002B4879 /* RegisterViewState.swift */ = {isa = PBXFileReference; fileEncoding = 4; lastKnownFileType = sourcecode.swift; path = RegisterViewState.swift; sourceTree = "<group>"; };
		3063E58E2AD04A34002B4879 /* RegisterView.swift */ = {isa = PBXFileReference; fileEncoding = 4; lastKnownFileType = sourcecode.swift; path = RegisterView.swift; sourceTree = "<group>"; };
		3063E58F2AD04A34002B4879 /* RegisterViewInteractor.swift */ = {isa = PBXFileReference; fileEncoding = 4; lastKnownFileType = sourcecode.swift; path = RegisterViewInteractor.swift; sourceTree = "<group>"; };
		3063E5962AD051D7002B4879 /* JansButton.swift */ = {isa = PBXFileReference; lastKnownFileType = sourcecode.swift; path = JansButton.swift; sourceTree = "<group>"; };
		3063E5992AD406D3002B4879 /* LoginViewPresenter.swift */ = {isa = PBXFileReference; fileEncoding = 4; lastKnownFileType = sourcecode.swift; path = LoginViewPresenter.swift; sourceTree = "<group>"; };
		3063E59A2AD406D3002B4879 /* LoginViewAssembler.swift */ = {isa = PBXFileReference; fileEncoding = 4; lastKnownFileType = sourcecode.swift; path = LoginViewAssembler.swift; sourceTree = "<group>"; };
		3063E59B2AD406D3002B4879 /* LoginView.swift */ = {isa = PBXFileReference; fileEncoding = 4; lastKnownFileType = sourcecode.swift; path = LoginView.swift; sourceTree = "<group>"; };
		3063E59C2AD406D3002B4879 /* LoginViewState.swift */ = {isa = PBXFileReference; fileEncoding = 4; lastKnownFileType = sourcecode.swift; path = LoginViewState.swift; sourceTree = "<group>"; };
		3063E59D2AD406D3002B4879 /* LoginViewInteractor.swift */ = {isa = PBXFileReference; fileEncoding = 4; lastKnownFileType = sourcecode.swift; path = LoginViewInteractor.swift; sourceTree = "<group>"; };
		3063E5AA2AD41238002B4879 /* OIDCClient.swift */ = {isa = PBXFileReference; lastKnownFileType = sourcecode.swift; path = OIDCClient.swift; sourceTree = "<group>"; };
		3063E5AD2AD6BE05002B4879 /* UIApplication+Alert.swift */ = {isa = PBXFileReference; lastKnownFileType = sourcecode.swift; path = "UIApplication+Alert.swift"; sourceTree = "<group>"; };
		3063E5AF2AD6C623002B4879 /* RealmManager.swift */ = {isa = PBXFileReference; lastKnownFileType = sourcecode.swift; path = RealmManager.swift; sourceTree = "<group>"; };
		3063E5B12AD6CAEB002B4879 /* DCResponse.swift */ = {isa = PBXFileReference; lastKnownFileType = sourcecode.swift; path = DCResponse.swift; sourceTree = "<group>"; };
		306EA0D52AF0F27400167E4C /* AfterLoginViewInteractor.swift */ = {isa = PBXFileReference; fileEncoding = 4; lastKnownFileType = sourcecode.swift; path = AfterLoginViewInteractor.swift; sourceTree = "<group>"; };
		306EA0D62AF0F27400167E4C /* AfterLoginView.swift */ = {isa = PBXFileReference; fileEncoding = 4; lastKnownFileType = sourcecode.swift; path = AfterLoginView.swift; sourceTree = "<group>"; };
		306EA0D72AF0F27400167E4C /* AfterLoginViewPresenter.swift */ = {isa = PBXFileReference; fileEncoding = 4; lastKnownFileType = sourcecode.swift; path = AfterLoginViewPresenter.swift; sourceTree = "<group>"; };
		306EA0D82AF0F27400167E4C /* AfterLoginViewAssembler.swift */ = {isa = PBXFileReference; fileEncoding = 4; lastKnownFileType = sourcecode.swift; path = AfterLoginViewAssembler.swift; sourceTree = "<group>"; };
		306EA0D92AF0F27400167E4C /* AfterLoginViewState.swift */ = {isa = PBXFileReference; fileEncoding = 4; lastKnownFileType = sourcecode.swift; path = AfterLoginViewState.swift; sourceTree = "<group>"; };
		307176322B0E3861001C19B1 /* Checksum.swift */ = {isa = PBXFileReference; lastKnownFileType = sourcecode.swift; path = Checksum.swift; sourceTree = "<group>"; };
		3079EC472AE1532600ECA57C /* LoginResponse.swift */ = {isa = PBXFileReference; lastKnownFileType = sourcecode.swift; path = LoginResponse.swift; sourceTree = "<group>"; };
		30A44AAA2C41655800B71E8A /* PublicKeyCredentialSource.swift */ = {isa = PBXFileReference; lastKnownFileType = sourcecode.swift; path = PublicKeyCredentialSource.swift; sourceTree = "<group>"; };
		30A44AAC2C416E4200B71E8A /* Authenticator.swift */ = {isa = PBXFileReference; lastKnownFileType = sourcecode.swift; path = Authenticator.swift; sourceTree = "<group>"; };
		30A44AAE2C41728000B71E8A /* CredentialSafe.swift */ = {isa = PBXFileReference; lastKnownFileType = sourcecode.swift; path = CredentialSafe.swift; sourceTree = "<group>"; };
		30A44AB02C4178A700B71E8A /* AuthenticatorMakeCredentialOptions.swift */ = {isa = PBXFileReference; lastKnownFileType = sourcecode.swift; path = AuthenticatorMakeCredentialOptions.swift; sourceTree = "<group>"; };
		30A44AB22C417BBA00B71E8A /* RpEntity.swift */ = {isa = PBXFileReference; lastKnownFileType = sourcecode.swift; path = RpEntity.swift; sourceTree = "<group>"; };
		30A44AB42C417BFB00B71E8A /* UserEntity.swift */ = {isa = PBXFileReference; lastKnownFileType = sourcecode.swift; path = UserEntity.swift; sourceTree = "<group>"; };
		30A44AB62C417C2900B71E8A /* PublicKeyCredentialDescriptor.swift */ = {isa = PBXFileReference; lastKnownFileType = sourcecode.swift; path = PublicKeyCredentialDescriptor.swift; sourceTree = "<group>"; };
		30A44AB82C466C0900B71E8A /* AttestationResultRequest.swift */ = {isa = PBXFileReference; lastKnownFileType = sourcecode.swift; path = AttestationResultRequest.swift; sourceTree = "<group>"; };
		30A44ABA2C466CC300B71E8A /* Response.swift */ = {isa = PBXFileReference; lastKnownFileType = sourcecode.swift; path = Response.swift; sourceTree = "<group>"; };
		30A44ABC2C46738800B71E8A /* AttestationObject.swift */ = {isa = PBXFileReference; lastKnownFileType = sourcecode.swift; path = AttestationObject.swift; sourceTree = "<group>"; };
		30A44ABE2C467FCD00B71E8A /* ClientData.swift */ = {isa = PBXFileReference; lastKnownFileType = sourcecode.swift; path = ClientData.swift; sourceTree = "<group>"; };
		30A44AC02C4683EF00B71E8A /* CBOR.swift */ = {isa = PBXFileReference; lastKnownFileType = sourcecode.swift; path = CBOR.swift; sourceTree = "<group>"; };
		30A44AC22C469A9300B71E8A /* AttestationResultResponse.swift */ = {isa = PBXFileReference; lastKnownFileType = sourcecode.swift; path = AttestationResultResponse.swift; sourceTree = "<group>"; };
		30A44AC42C46A86900B71E8A /* AuthAdaptor.swift */ = {isa = PBXFileReference; lastKnownFileType = sourcecode.swift; path = AuthAdaptor.swift; sourceTree = "<group>"; };
		30BA05412C3FE29A0081FF78 /* AttestationOptionRequest.swift */ = {isa = PBXFileReference; lastKnownFileType = sourcecode.swift; path = AttestationOptionRequest.swift; sourceTree = "<group>"; };
		30BA05432C3FE5B10081FF78 /* AttestationOptionResponse.swift */ = {isa = PBXFileReference; lastKnownFileType = sourcecode.swift; path = AttestationOptionResponse.swift; sourceTree = "<group>"; };
		30BA05452C3FE71B0081FF78 /* User.swift */ = {isa = PBXFileReference; lastKnownFileType = sourcecode.swift; path = User.swift; sourceTree = "<group>"; };
		30BA05472C3FE76E0081FF78 /* RP.swift */ = {isa = PBXFileReference; lastKnownFileType = sourcecode.swift; path = RP.swift; sourceTree = "<group>"; };
		30BA05492C3FE7A60081FF78 /* AuthenticatorSelection.swift */ = {isa = PBXFileReference; lastKnownFileType = sourcecode.swift; path = AuthenticatorSelection.swift; sourceTree = "<group>"; };
		30BA054B2C3FE8790081FF78 /* PubKeyCredParam.swift */ = {isa = PBXFileReference; lastKnownFileType = sourcecode.swift; path = PubKeyCredParam.swift; sourceTree = "<group>"; };
		30CC3C172C3BEE3A00AFFD0D /* JWTClaimsSet.swift */ = {isa = PBXFileReference; lastKnownFileType = sourcecode.swift; path = JWTClaimsSet.swift; sourceTree = "<group>"; };
		30CC3C1E2C3C072000AFFD0D /* FidoConfiguration.swift */ = {isa = PBXFileReference; lastKnownFileType = sourcecode.swift; path = FidoConfiguration.swift; sourceTree = "<group>"; };
		30CC3C202C3C07C600AFFD0D /* Attestation.swift */ = {isa = PBXFileReference; lastKnownFileType = sourcecode.swift; path = Attestation.swift; sourceTree = "<group>"; };
		30CC3C222C3C0B3F00AFFD0D /* Assertion.swift */ = {isa = PBXFileReference; lastKnownFileType = sourcecode.swift; path = Assertion.swift; sourceTree = "<group>"; };
		30D0B7A42AF2793800322E90 /* CheckListView.swift */ = {isa = PBXFileReference; lastKnownFileType = sourcecode.swift; path = CheckListView.swift; sourceTree = "<group>"; };
/* End PBXFileReference section */

/* Begin PBXFrameworksBuildPhase section */
		304311EB2ACC05E4006B8D40 /* Frameworks */ = {
			isa = PBXFrameworksBuildPhase;
			buildActionMask = 2147483647;
			files = (
				3063E5A62AD410F9002B4879 /* RealmSwift in Frameworks */,
				3063E5732ACD54C9002B4879 /* Alamofire in Frameworks */,
				3004A9FC2AEBE414000CDB62 /* SwiftJWT in Frameworks */,
				30CC3C1B2C3BF02800AFFD0D /* JWTDecode in Frameworks */,
				307176312B0E35D5001C19B1 /* JOSESwift in Frameworks */,
			);
			runOnlyForDeploymentPostprocessing = 0;
		};
/* End PBXFrameworksBuildPhase section */

/* Begin PBXGroup section */
		304311E52ACC05E4006B8D40 = {
			isa = PBXGroup;
			children = (
				304311F02ACC05E4006B8D40 /* Jans-Chip */,
				304311EF2ACC05E4006B8D40 /* Products */,
			);
			sourceTree = "<group>";
		};
		304311EF2ACC05E4006B8D40 /* Products */ = {
			isa = PBXGroup;
			children = (
				304311EE2ACC05E4006B8D40 /* Jans-Chip.app */,
			);
			name = Products;
			sourceTree = "<group>";
		};
		304311F02ACC05E4006B8D40 /* Jans-Chip */ = {
			isa = PBXGroup;
			children = (
				3049C20E2AD7F58A00164883 /* Helper */,
				3063E5A32AD40FC9002B4879 /* Database */,
				3063E5952AD051BD002B4879 /* UIComponents */,
				3063E57D2ACD6153002B4879 /* Networking */,
				3063E5772ACD5FF0002B4879 /* Models */,
				306EA0D42AF0F27400167E4C /* AfterLoginView */,
				3063E5982AD406D3002B4879 /* LoginView */,
				3063E58A2AD04A34002B4879 /* RegisterView */,
				3063E5662ACC0852002B4879 /* MainView */,
				304311F12ACC05E4006B8D40 /* Jans_ChipApp.swift */,
				304311F52ACC05E5006B8D40 /* Assets.xcassets */,
				304311F72ACC05E5006B8D40 /* Preview Content */,
			);
			path = "Jans-Chip";
			sourceTree = "<group>";
		};
		304311F72ACC05E5006B8D40 /* Preview Content */ = {
			isa = PBXGroup;
			children = (
				304311F82ACC05E5006B8D40 /* Preview Assets.xcassets */,
			);
			path = "Preview Content";
			sourceTree = "<group>";
		};
		3049C20E2AD7F58A00164883 /* Helper */ = {
			isa = PBXGroup;
			children = (
				3049C20F2AD7F59600164883 /* DCRRepository.swift */,
				3049C2152AD8151100164883 /* PlayIntegrityRepository.swift */,
				3004A9F82AEBDE79000CDB62 /* DPoPProofFactory.swift */,
				3004AA022AEC46F0000CDB62 /* SecKey+KeyPair.swift */,
				3004AA092AEC59C8000CDB62 /* SecKey+KeyData.swift */,
				307176322B0E3861001C19B1 /* Checksum.swift */,
				30A44AAC2C416E4200B71E8A /* Authenticator.swift */,
				30A44AAE2C41728000B71E8A /* CredentialSafe.swift */,
				30A44ABC2C46738800B71E8A /* AttestationObject.swift */,
				30A44AC42C46A86900B71E8A /* AuthAdaptor.swift */,
			);
			path = Helper;
			sourceTree = "<group>";
		};
		3063E5662ACC0852002B4879 /* MainView */ = {
			isa = PBXGroup;
			children = (
				3063E5672ACC0890002B4879 /* MainViewInteractor.swift */,
				3063E5692ACC0973002B4879 /* MainViewState.swift */,
				3063E56B2ACC0BAF002B4879 /* MainViewPresenter.swift */,
				3063E56D2ACC0BFE002B4879 /* MainViewAssembler.swift */,
				3063E56F2ACC0CE9002B4879 /* MainView.swift */,
			);
			path = MainView;
			sourceTree = "<group>";
		};
		3063E5772ACD5FF0002B4879 /* Models */ = {
			isa = PBXGroup;
			children = (
				30BA05402C3FE28D0081FF78 /* Networking */,
				3063E57A2ACD6128002B4879 /* General */,
				3063E5782ACD60D7002B4879 /* TokenResponse.swift */,
				3063E5842ACD7EEC002B4879 /* OPConfiguration.swift */,
				3063E5B12AD6CAEB002B4879 /* DCResponse.swift */,
				3049C2172AD8163A00164883 /* AppIntegrityResponse.swift */,
				3079EC472AE1532600ECA57C /* LoginResponse.swift */,
				3003B0622AE69A7F0068F411 /* UserInfo.swift */,
				30CC3C172C3BEE3A00AFFD0D /* JWTClaimsSet.swift */,
				30CC3C1E2C3C072000AFFD0D /* FidoConfiguration.swift */,
				30CC3C202C3C07C600AFFD0D /* Attestation.swift */,
				30CC3C222C3C0B3F00AFFD0D /* Assertion.swift */,
				30BA05492C3FE7A60081FF78 /* AuthenticatorSelection.swift */,
				30BA054B2C3FE8790081FF78 /* PubKeyCredParam.swift */,
			);
			path = Models;
			sourceTree = "<group>";
		};
		3063E57A2ACD6128002B4879 /* General */ = {
			isa = PBXGroup;
			children = (
				3063E57B2ACD6139002B4879 /* Error.swift */,
				3049C20A2AD6D0BC00164883 /* AppConfig.swift */,
				30BA05452C3FE71B0081FF78 /* User.swift */,
				30BA05472C3FE76E0081FF78 /* RP.swift */,
				30A44AB22C417BBA00B71E8A /* RpEntity.swift */,
				30A44AB42C417BFB00B71E8A /* UserEntity.swift */,
				30A44AB62C417C2900B71E8A /* PublicKeyCredentialDescriptor.swift */,
			);
			path = General;
			sourceTree = "<group>";
		};
		3063E57D2ACD6153002B4879 /* Networking */ = {
			isa = PBXGroup;
			children = (
				3063E5802ACD7897002B4879 /* EndpointConfiguration.swift */,
				3063E5822ACD78DF002B4879 /* EndpointRouter.swift */,
				3063E5862ACEB4F8002B4879 /* ServiceClient.swift */,
			);
			path = Networking;
			sourceTree = "<group>";
		};
		3063E58A2AD04A34002B4879 /* RegisterView */ = {
			isa = PBXGroup;
			children = (
				3063E58B2AD04A34002B4879 /* RegisterViewPresenter.swift */,
				3063E58C2AD04A34002B4879 /* RegisterViewAssembler.swift */,
				3063E58D2AD04A34002B4879 /* RegisterViewState.swift */,
				3063E58E2AD04A34002B4879 /* RegisterView.swift */,
				3063E58F2AD04A34002B4879 /* RegisterViewInteractor.swift */,
			);
			path = RegisterView;
			sourceTree = "<group>";
		};
		3063E5952AD051BD002B4879 /* UIComponents */ = {
			isa = PBXGroup;
			children = (
				3063E5AC2AD6BDED002B4879 /* Extension */,
				3063E5962AD051D7002B4879 /* JansButton.swift */,
				30D0B7A42AF2793800322E90 /* CheckListView.swift */,
			);
			path = UIComponents;
			sourceTree = "<group>";
		};
		3063E5982AD406D3002B4879 /* LoginView */ = {
			isa = PBXGroup;
			children = (
				3063E5992AD406D3002B4879 /* LoginViewPresenter.swift */,
				3063E59A2AD406D3002B4879 /* LoginViewAssembler.swift */,
				3063E59B2AD406D3002B4879 /* LoginView.swift */,
				3063E59C2AD406D3002B4879 /* LoginViewState.swift */,
				3063E59D2AD406D3002B4879 /* LoginViewInteractor.swift */,
			);
			path = LoginView;
			sourceTree = "<group>";
		};
		3063E5A32AD40FC9002B4879 /* Database */ = {
			isa = PBXGroup;
			children = (
				3063E5A92AD4121A002B4879 /* DBModel */,
				3063E5AF2AD6C623002B4879 /* RealmManager.swift */,
			);
			path = Database;
			sourceTree = "<group>";
		};
		3063E5A92AD4121A002B4879 /* DBModel */ = {
			isa = PBXGroup;
			children = (
				3063E5AA2AD41238002B4879 /* OIDCClient.swift */,
				3049C2132AD80D2F00164883 /* AppIntegrityEntity.swift */,
				30A44AAA2C41655800B71E8A /* PublicKeyCredentialSource.swift */,
			);
			path = DBModel;
			sourceTree = "<group>";
		};
		3063E5AC2AD6BDED002B4879 /* Extension */ = {
			isa = PBXGroup;
			children = (
				3063E5AD2AD6BE05002B4879 /* UIApplication+Alert.swift */,
			);
			path = Extension;
			sourceTree = "<group>";
		};
		306EA0D42AF0F27400167E4C /* AfterLoginView */ = {
			isa = PBXGroup;
			children = (
				306EA0D52AF0F27400167E4C /* AfterLoginViewInteractor.swift */,
				306EA0D62AF0F27400167E4C /* AfterLoginView.swift */,
				306EA0D72AF0F27400167E4C /* AfterLoginViewPresenter.swift */,
				306EA0D82AF0F27400167E4C /* AfterLoginViewAssembler.swift */,
				306EA0D92AF0F27400167E4C /* AfterLoginViewState.swift */,
			);
			name = AfterLoginView;
			path = "Jans-Chip/AfterLoginView";
			sourceTree = SOURCE_ROOT;
		};
		30BA05402C3FE28D0081FF78 /* Networking */ = {
			isa = PBXGroup;
			children = (
				30A44AC22C469A9300B71E8A /* AttestationResultResponse.swift */,
				30A44AB82C466C0900B71E8A /* AttestationResultRequest.swift */,
				3049C2112AD7F93100164883 /* DCRequest.swift */,
				30BA05412C3FE29A0081FF78 /* AttestationOptionRequest.swift */,
				30BA05432C3FE5B10081FF78 /* AttestationOptionResponse.swift */,
				30A44AB02C4178A700B71E8A /* AuthenticatorMakeCredentialOptions.swift */,
				30A44ABA2C466CC300B71E8A /* Response.swift */,
				30A44ABE2C467FCD00B71E8A /* ClientData.swift */,
				30A44AC02C4683EF00B71E8A /* CBOR.swift */,
			);
			path = Networking;
			sourceTree = "<group>";
		};
/* End PBXGroup section */

/* Begin PBXNativeTarget section */
		304311ED2ACC05E4006B8D40 /* Jans-Chip */ = {
			isa = PBXNativeTarget;
			buildConfigurationList = 304311FC2ACC05E5006B8D40 /* Build configuration list for PBXNativeTarget "Jans-Chip" */;
			buildPhases = (
				304311EA2ACC05E4006B8D40 /* Sources */,
				304311EB2ACC05E4006B8D40 /* Frameworks */,
				304311EC2ACC05E4006B8D40 /* Resources */,
			);
			buildRules = (
			);
			dependencies = (
			);
			name = "Jans-Chip";
			packageProductDependencies = (
				3063E5722ACD54C9002B4879 /* Alamofire */,
				3063E5A52AD410F9002B4879 /* RealmSwift */,
				3004A9FB2AEBE414000CDB62 /* SwiftJWT */,
				307176302B0E35D5001C19B1 /* JOSESwift */,
				30CC3C1A2C3BF02800AFFD0D /* JWTDecode */,
			);
			productName = "Jans-Chip";
			productReference = 304311EE2ACC05E4006B8D40 /* Jans-Chip.app */;
			productType = "com.apple.product-type.application";
		};
/* End PBXNativeTarget section */

/* Begin PBXProject section */
		304311E62ACC05E4006B8D40 /* Project object */ = {
			isa = PBXProject;
			attributes = {
				BuildIndependentTargetsInParallel = 1;
				LastSwiftUpdateCheck = 1430;
				LastUpgradeCheck = 1430;
				TargetAttributes = {
					304311ED2ACC05E4006B8D40 = {
						CreatedOnToolsVersion = 14.3.1;
					};
				};
			};
			buildConfigurationList = 304311E92ACC05E4006B8D40 /* Build configuration list for PBXProject "Jans-Chip" */;
			compatibilityVersion = "Xcode 14.0";
			developmentRegion = en;
			hasScannedForEncodings = 0;
			knownRegions = (
				en,
				Base,
			);
			mainGroup = 304311E52ACC05E4006B8D40;
			packageReferences = (
				3063E5712ACD54C9002B4879 /* XCRemoteSwiftPackageReference "Alamofire" */,
				3063E5A42AD410F9002B4879 /* XCRemoteSwiftPackageReference "realm-swift" */,
				3004A9FA2AEBE414000CDB62 /* XCRemoteSwiftPackageReference "Swift-JWT" */,
				3071762F2B0E35D4001C19B1 /* XCRemoteSwiftPackageReference "JOSESwift" */,
				30CC3C192C3BF02800AFFD0D /* XCRemoteSwiftPackageReference "JWTDecode" */,
			);
			productRefGroup = 304311EF2ACC05E4006B8D40 /* Products */;
			projectDirPath = "";
			projectRoot = "";
			targets = (
				304311ED2ACC05E4006B8D40 /* Jans-Chip */,
			);
		};
/* End PBXProject section */

/* Begin PBXResourcesBuildPhase section */
		304311EC2ACC05E4006B8D40 /* Resources */ = {
			isa = PBXResourcesBuildPhase;
			buildActionMask = 2147483647;
			files = (
				304311F92ACC05E5006B8D40 /* Preview Assets.xcassets in Resources */,
				304311F62ACC05E5006B8D40 /* Assets.xcassets in Resources */,
			);
			runOnlyForDeploymentPostprocessing = 0;
		};
/* End PBXResourcesBuildPhase section */

/* Begin PBXSourcesBuildPhase section */
		304311EA2ACC05E4006B8D40 /* Sources */ = {
			isa = PBXSourcesBuildPhase;
			buildActionMask = 2147483647;
			files = (
				30BA05462C3FE71B0081FF78 /* User.swift in Sources */,
				30CC3C182C3BEE3A00AFFD0D /* JWTClaimsSet.swift in Sources */,
				3063E5B22AD6CAEB002B4879 /* DCResponse.swift in Sources */,
				3063E57C2ACD6139002B4879 /* Error.swift in Sources */,
				306EA0DD2AF0F27400167E4C /* AfterLoginViewAssembler.swift in Sources */,
				3063E59E2AD406D3002B4879 /* LoginViewPresenter.swift in Sources */,
				30BA054A2C3FE7A60081FF78 /* AuthenticatorSelection.swift in Sources */,
				30A44ABD2C46738800B71E8A /* AttestationObject.swift in Sources */,
				30A44ABF2C467FCD00B71E8A /* ClientData.swift in Sources */,
				3063E5702ACC0CE9002B4879 /* MainView.swift in Sources */,
				30BA05482C3FE76E0081FF78 /* RP.swift in Sources */,
				3063E5A22AD406D3002B4879 /* LoginViewInteractor.swift in Sources */,
				3063E5682ACC0890002B4879 /* MainViewInteractor.swift in Sources */,
				30A44AC12C4683EF00B71E8A /* CBOR.swift in Sources */,
				3063E5AB2AD41238002B4879 /* OIDCClient.swift in Sources */,
				3063E5792ACD60D7002B4879 /* TokenResponse.swift in Sources */,
				30BA05442C3FE5B10081FF78 /* AttestationOptionResponse.swift in Sources */,
				3063E5AE2AD6BE05002B4879 /* UIApplication+Alert.swift in Sources */,
				3063E59F2AD406D3002B4879 /* LoginViewAssembler.swift in Sources */,
				3063E5922AD04A34002B4879 /* RegisterViewState.swift in Sources */,
				307176332B0E3861001C19B1 /* Checksum.swift in Sources */,
				3063E5972AD051D7002B4879 /* JansButton.swift in Sources */,
				306EA0DC2AF0F27400167E4C /* AfterLoginViewPresenter.swift in Sources */,
				30A44AAD2C416E4200B71E8A /* Authenticator.swift in Sources */,
				30A44AAF2C41728000B71E8A /* CredentialSafe.swift in Sources */,
				30A44AB12C4178A700B71E8A /* AuthenticatorMakeCredentialOptions.swift in Sources */,
				3063E5872ACEB4F8002B4879 /* ServiceClient.swift in Sources */,
				30BA05422C3FE29A0081FF78 /* AttestationOptionRequest.swift in Sources */,
				3063E5902AD04A34002B4879 /* RegisterViewPresenter.swift in Sources */,
				3063E5B02AD6C623002B4879 /* RealmManager.swift in Sources */,
				3063E56E2ACC0BFE002B4879 /* MainViewAssembler.swift in Sources */,
				3004AA0A2AEC59C8000CDB62 /* SecKey+KeyData.swift in Sources */,
				3003B0632AE69A7F0068F411 /* UserInfo.swift in Sources */,
				30D0B7A52AF2793800322E90 /* CheckListView.swift in Sources */,
				306EA0DB2AF0F27400167E4C /* AfterLoginView.swift in Sources */,
				306EA0DA2AF0F27400167E4C /* AfterLoginViewInteractor.swift in Sources */,
				30A44AC32C469A9300B71E8A /* AttestationResultResponse.swift in Sources */,
				3049C2142AD80D2F00164883 /* AppIntegrityEntity.swift in Sources */,
				3063E56C2ACC0BAF002B4879 /* MainViewPresenter.swift in Sources */,
				3049C20B2AD6D0BC00164883 /* AppConfig.swift in Sources */,
				30A44AB52C417BFB00B71E8A /* UserEntity.swift in Sources */,
				30A44AB32C417BBA00B71E8A /* RpEntity.swift in Sources */,
				30CC3C1F2C3C072000AFFD0D /* FidoConfiguration.swift in Sources */,
				3004A9F92AEBDE79000CDB62 /* DPoPProofFactory.swift in Sources */,
				3063E5832ACD78DF002B4879 /* EndpointRouter.swift in Sources */,
				3063E5812ACD7897002B4879 /* EndpointConfiguration.swift in Sources */,
				304311F22ACC05E4006B8D40 /* Jans_ChipApp.swift in Sources */,
				3063E5A02AD406D3002B4879 /* LoginView.swift in Sources */,
				3063E56A2ACC0973002B4879 /* MainViewState.swift in Sources */,
				3049C2162AD8151100164883 /* PlayIntegrityRepository.swift in Sources */,
				30A44AB92C466C0900B71E8A /* AttestationResultRequest.swift in Sources */,
				3063E5932AD04A34002B4879 /* RegisterView.swift in Sources */,
				30BA054C2C3FE8790081FF78 /* PubKeyCredParam.swift in Sources */,
				3063E5A12AD406D3002B4879 /* LoginViewState.swift in Sources */,
				30CC3C232C3C0B3F00AFFD0D /* Assertion.swift in Sources */,
				30A44AB72C417C2900B71E8A /* PublicKeyCredentialDescriptor.swift in Sources */,
				3049C2122AD7F93100164883 /* DCRequest.swift in Sources */,
				30A44AAB2C41655800B71E8A /* PublicKeyCredentialSource.swift in Sources */,
				3049C2182AD8163A00164883 /* AppIntegrityResponse.swift in Sources */,
				30A44AC52C46A86A00B71E8A /* AuthAdaptor.swift in Sources */,
				3049C2102AD7F59600164883 /* DCRRepository.swift in Sources */,
				30A44ABB2C466CC300B71E8A /* Response.swift in Sources */,
				3063E5912AD04A34002B4879 /* RegisterViewAssembler.swift in Sources */,
				3004AA032AEC46F0000CDB62 /* SecKey+KeyPair.swift in Sources */,
				30CC3C212C3C07C600AFFD0D /* Attestation.swift in Sources */,
				306EA0DE2AF0F27400167E4C /* AfterLoginViewState.swift in Sources */,
				3063E5942AD04A34002B4879 /* RegisterViewInteractor.swift in Sources */,
				3063E5852ACD7EEC002B4879 /* OPConfiguration.swift in Sources */,
				3079EC482AE1532600ECA57C /* LoginResponse.swift in Sources */,
			);
			runOnlyForDeploymentPostprocessing = 0;
		};
/* End PBXSourcesBuildPhase section */

/* Begin XCBuildConfiguration section */
		304311FA2ACC05E5006B8D40 /* Debug */ = {
			isa = XCBuildConfiguration;
			buildSettings = {
				ALWAYS_SEARCH_USER_PATHS = NO;
				CLANG_ANALYZER_NONNULL = YES;
				CLANG_ANALYZER_NUMBER_OBJECT_CONVERSION = YES_AGGRESSIVE;
				CLANG_CXX_LANGUAGE_STANDARD = "gnu++20";
				CLANG_ENABLE_MODULES = YES;
				CLANG_ENABLE_OBJC_ARC = YES;
				CLANG_ENABLE_OBJC_WEAK = YES;
				CLANG_WARN_BLOCK_CAPTURE_AUTORELEASING = YES;
				CLANG_WARN_BOOL_CONVERSION = YES;
				CLANG_WARN_COMMA = YES;
				CLANG_WARN_CONSTANT_CONVERSION = YES;
				CLANG_WARN_DEPRECATED_OBJC_IMPLEMENTATIONS = YES;
				CLANG_WARN_DIRECT_OBJC_ISA_USAGE = YES_ERROR;
				CLANG_WARN_DOCUMENTATION_COMMENTS = YES;
				CLANG_WARN_EMPTY_BODY = YES;
				CLANG_WARN_ENUM_CONVERSION = YES;
				CLANG_WARN_INFINITE_RECURSION = YES;
				CLANG_WARN_INT_CONVERSION = YES;
				CLANG_WARN_NON_LITERAL_NULL_CONVERSION = YES;
				CLANG_WARN_OBJC_IMPLICIT_RETAIN_SELF = YES;
				CLANG_WARN_OBJC_LITERAL_CONVERSION = YES;
				CLANG_WARN_OBJC_ROOT_CLASS = YES_ERROR;
				CLANG_WARN_QUOTED_INCLUDE_IN_FRAMEWORK_HEADER = YES;
				CLANG_WARN_RANGE_LOOP_ANALYSIS = YES;
				CLANG_WARN_STRICT_PROTOTYPES = YES;
				CLANG_WARN_SUSPICIOUS_MOVE = YES;
				CLANG_WARN_UNGUARDED_AVAILABILITY = YES_AGGRESSIVE;
				CLANG_WARN_UNREACHABLE_CODE = YES;
				CLANG_WARN__DUPLICATE_METHOD_MATCH = YES;
				COPY_PHASE_STRIP = NO;
				DEBUG_INFORMATION_FORMAT = dwarf;
				ENABLE_STRICT_OBJC_MSGSEND = YES;
				ENABLE_TESTABILITY = YES;
				GCC_C_LANGUAGE_STANDARD = gnu11;
				GCC_DYNAMIC_NO_PIC = NO;
				GCC_NO_COMMON_BLOCKS = YES;
				GCC_OPTIMIZATION_LEVEL = 0;
				GCC_PREPROCESSOR_DEFINITIONS = (
					"DEBUG=1",
					"$(inherited)",
				);
				GCC_WARN_64_TO_32_BIT_CONVERSION = YES;
				GCC_WARN_ABOUT_RETURN_TYPE = YES_ERROR;
				GCC_WARN_UNDECLARED_SELECTOR = YES;
				GCC_WARN_UNINITIALIZED_AUTOS = YES_AGGRESSIVE;
				GCC_WARN_UNUSED_FUNCTION = YES;
				GCC_WARN_UNUSED_VARIABLE = YES;
				IPHONEOS_DEPLOYMENT_TARGET = 16.4;
				MTL_ENABLE_DEBUG_INFO = INCLUDE_SOURCE;
				MTL_FAST_MATH = YES;
				ONLY_ACTIVE_ARCH = YES;
				SDKROOT = iphoneos;
				SWIFT_ACTIVE_COMPILATION_CONDITIONS = DEBUG;
				SWIFT_OPTIMIZATION_LEVEL = "-Onone";
			};
			name = Debug;
		};
		304311FB2ACC05E5006B8D40 /* Release */ = {
			isa = XCBuildConfiguration;
			buildSettings = {
				ALWAYS_SEARCH_USER_PATHS = NO;
				CLANG_ANALYZER_NONNULL = YES;
				CLANG_ANALYZER_NUMBER_OBJECT_CONVERSION = YES_AGGRESSIVE;
				CLANG_CXX_LANGUAGE_STANDARD = "gnu++20";
				CLANG_ENABLE_MODULES = YES;
				CLANG_ENABLE_OBJC_ARC = YES;
				CLANG_ENABLE_OBJC_WEAK = YES;
				CLANG_WARN_BLOCK_CAPTURE_AUTORELEASING = YES;
				CLANG_WARN_BOOL_CONVERSION = YES;
				CLANG_WARN_COMMA = YES;
				CLANG_WARN_CONSTANT_CONVERSION = YES;
				CLANG_WARN_DEPRECATED_OBJC_IMPLEMENTATIONS = YES;
				CLANG_WARN_DIRECT_OBJC_ISA_USAGE = YES_ERROR;
				CLANG_WARN_DOCUMENTATION_COMMENTS = YES;
				CLANG_WARN_EMPTY_BODY = YES;
				CLANG_WARN_ENUM_CONVERSION = YES;
				CLANG_WARN_INFINITE_RECURSION = YES;
				CLANG_WARN_INT_CONVERSION = YES;
				CLANG_WARN_NON_LITERAL_NULL_CONVERSION = YES;
				CLANG_WARN_OBJC_IMPLICIT_RETAIN_SELF = YES;
				CLANG_WARN_OBJC_LITERAL_CONVERSION = YES;
				CLANG_WARN_OBJC_ROOT_CLASS = YES_ERROR;
				CLANG_WARN_QUOTED_INCLUDE_IN_FRAMEWORK_HEADER = YES;
				CLANG_WARN_RANGE_LOOP_ANALYSIS = YES;
				CLANG_WARN_STRICT_PROTOTYPES = YES;
				CLANG_WARN_SUSPICIOUS_MOVE = YES;
				CLANG_WARN_UNGUARDED_AVAILABILITY = YES_AGGRESSIVE;
				CLANG_WARN_UNREACHABLE_CODE = YES;
				CLANG_WARN__DUPLICATE_METHOD_MATCH = YES;
				COPY_PHASE_STRIP = NO;
				DEBUG_INFORMATION_FORMAT = "dwarf-with-dsym";
				ENABLE_NS_ASSERTIONS = NO;
				ENABLE_STRICT_OBJC_MSGSEND = YES;
				GCC_C_LANGUAGE_STANDARD = gnu11;
				GCC_NO_COMMON_BLOCKS = YES;
				GCC_WARN_64_TO_32_BIT_CONVERSION = YES;
				GCC_WARN_ABOUT_RETURN_TYPE = YES_ERROR;
				GCC_WARN_UNDECLARED_SELECTOR = YES;
				GCC_WARN_UNINITIALIZED_AUTOS = YES_AGGRESSIVE;
				GCC_WARN_UNUSED_FUNCTION = YES;
				GCC_WARN_UNUSED_VARIABLE = YES;
				IPHONEOS_DEPLOYMENT_TARGET = 16.4;
				MTL_ENABLE_DEBUG_INFO = NO;
				MTL_FAST_MATH = YES;
				SDKROOT = iphoneos;
				SWIFT_COMPILATION_MODE = wholemodule;
				SWIFT_OPTIMIZATION_LEVEL = "-O";
				VALIDATE_PRODUCT = YES;
			};
			name = Release;
		};
		304311FD2ACC05E5006B8D40 /* Debug */ = {
			isa = XCBuildConfiguration;
			buildSettings = {
				ASSETCATALOG_COMPILER_APPICON_NAME = AppIcon;
				ASSETCATALOG_COMPILER_GLOBAL_ACCENT_COLOR_NAME = AccentColor;
				CODE_SIGN_STYLE = Automatic;
				CURRENT_PROJECT_VERSION = 1;
				DEVELOPMENT_ASSET_PATHS = "\"Jans-Chip/Preview Content\"";
				DEVELOPMENT_TEAM = FLRS8NH8Y9;
				ENABLE_PREVIEWS = YES;
				GENERATE_INFOPLIST_FILE = YES;
				INFOPLIST_KEY_UIApplicationSceneManifest_Generation = YES;
				INFOPLIST_KEY_UIApplicationSupportsIndirectInputEvents = YES;
				INFOPLIST_KEY_UILaunchScreen_Generation = YES;
				INFOPLIST_KEY_UISupportedInterfaceOrientations_iPad = "UIInterfaceOrientationPortrait UIInterfaceOrientationPortraitUpsideDown UIInterfaceOrientationLandscapeLeft UIInterfaceOrientationLandscapeRight";
				INFOPLIST_KEY_UISupportedInterfaceOrientations_iPhone = "UIInterfaceOrientationPortrait UIInterfaceOrientationLandscapeLeft UIInterfaceOrientationLandscapeRight";
				LD_RUNPATH_SEARCH_PATHS = (
					"$(inherited)",
					"@executable_path/Frameworks",
				);
				MARKETING_VERSION = 1.0;
				PRODUCT_BUNDLE_IDENTIFIER = "gluu.jans.chip.Jans-Chip";
				PRODUCT_NAME = "$(TARGET_NAME)";
				SWIFT_EMIT_LOC_STRINGS = YES;
				SWIFT_VERSION = 5.0;
				TARGETED_DEVICE_FAMILY = "1,2";
			};
			name = Debug;
		};
		304311FE2ACC05E5006B8D40 /* Release */ = {
			isa = XCBuildConfiguration;
			buildSettings = {
				ASSETCATALOG_COMPILER_APPICON_NAME = AppIcon;
				ASSETCATALOG_COMPILER_GLOBAL_ACCENT_COLOR_NAME = AccentColor;
				CODE_SIGN_STYLE = Automatic;
				CURRENT_PROJECT_VERSION = 1;
				DEVELOPMENT_ASSET_PATHS = "\"Jans-Chip/Preview Content\"";
				DEVELOPMENT_TEAM = FLRS8NH8Y9;
				ENABLE_PREVIEWS = YES;
				GENERATE_INFOPLIST_FILE = YES;
				INFOPLIST_KEY_UIApplicationSceneManifest_Generation = YES;
				INFOPLIST_KEY_UIApplicationSupportsIndirectInputEvents = YES;
				INFOPLIST_KEY_UILaunchScreen_Generation = YES;
				INFOPLIST_KEY_UISupportedInterfaceOrientations_iPad = "UIInterfaceOrientationPortrait UIInterfaceOrientationPortraitUpsideDown UIInterfaceOrientationLandscapeLeft UIInterfaceOrientationLandscapeRight";
				INFOPLIST_KEY_UISupportedInterfaceOrientations_iPhone = "UIInterfaceOrientationPortrait UIInterfaceOrientationLandscapeLeft UIInterfaceOrientationLandscapeRight";
				LD_RUNPATH_SEARCH_PATHS = (
					"$(inherited)",
					"@executable_path/Frameworks",
				);
				MARKETING_VERSION = 1.0;
				PRODUCT_BUNDLE_IDENTIFIER = "gluu.jans.chip.Jans-Chip";
				PRODUCT_NAME = "$(TARGET_NAME)";
				SWIFT_EMIT_LOC_STRINGS = YES;
				SWIFT_VERSION = 5.0;
				TARGETED_DEVICE_FAMILY = "1,2";
			};
			name = Release;
		};
/* End XCBuildConfiguration section */

/* Begin XCConfigurationList section */
		304311E92ACC05E4006B8D40 /* Build configuration list for PBXProject "Jans-Chip" */ = {
			isa = XCConfigurationList;
			buildConfigurations = (
				304311FA2ACC05E5006B8D40 /* Debug */,
				304311FB2ACC05E5006B8D40 /* Release */,
			);
			defaultConfigurationIsVisible = 0;
			defaultConfigurationName = Release;
		};
		304311FC2ACC05E5006B8D40 /* Build configuration list for PBXNativeTarget "Jans-Chip" */ = {
			isa = XCConfigurationList;
			buildConfigurations = (
				304311FD2ACC05E5006B8D40 /* Debug */,
				304311FE2ACC05E5006B8D40 /* Release */,
			);
			defaultConfigurationIsVisible = 0;
			defaultConfigurationName = Release;
		};
/* End XCConfigurationList section */

/* Begin XCRemoteSwiftPackageReference section */
		3004A9FA2AEBE414000CDB62 /* XCRemoteSwiftPackageReference "Swift-JWT" */ = {
			isa = XCRemoteSwiftPackageReference;
			repositoryURL = "https://github.com/Kitura/Swift-JWT.git";
			requirement = {
				kind = upToNextMajorVersion;
				minimumVersion = 4.0.0;
			};
		};
		3063E5712ACD54C9002B4879 /* XCRemoteSwiftPackageReference "Alamofire" */ = {
			isa = XCRemoteSwiftPackageReference;
			repositoryURL = "https://github.com/Alamofire/Alamofire";
			requirement = {
				kind = upToNextMajorVersion;
				minimumVersion = 5.0.0;
			};
		};
		3063E5A42AD410F9002B4879 /* XCRemoteSwiftPackageReference "realm-swift" */ = {
			isa = XCRemoteSwiftPackageReference;
			repositoryURL = "https://github.com/realm/realm-swift.git";
			requirement = {
				kind = upToNextMajorVersion;
				minimumVersion = 10.43.0;
			};
		};
		3071762F2B0E35D4001C19B1 /* XCRemoteSwiftPackageReference "JOSESwift" */ = {
			isa = XCRemoteSwiftPackageReference;
			repositoryURL = "https://github.com/airsidemobile/JOSESwift.git";
			requirement = {
				kind = upToNextMajorVersion;
				minimumVersion = 2.4.0;
			};
		};
		30CC3C192C3BF02800AFFD0D /* XCRemoteSwiftPackageReference "JWTDecode" */ = {
			isa = XCRemoteSwiftPackageReference;
			repositoryURL = "https://github.com/auth0/JWTDecode.swift";
			requirement = {
				kind = upToNextMajorVersion;
				minimumVersion = 3.1.0;
			};
		};
/* End XCRemoteSwiftPackageReference section */

/* Begin XCSwiftPackageProductDependency section */
		3004A9FB2AEBE414000CDB62 /* SwiftJWT */ = {
			isa = XCSwiftPackageProductDependency;
			package = 3004A9FA2AEBE414000CDB62 /* XCRemoteSwiftPackageReference "Swift-JWT" */;
			productName = SwiftJWT;
		};
		3063E5722ACD54C9002B4879 /* Alamofire */ = {
			isa = XCSwiftPackageProductDependency;
			package = 3063E5712ACD54C9002B4879 /* XCRemoteSwiftPackageReference "Alamofire" */;
			productName = Alamofire;
		};
		3063E5A52AD410F9002B4879 /* RealmSwift */ = {
			isa = XCSwiftPackageProductDependency;
			package = 3063E5A42AD410F9002B4879 /* XCRemoteSwiftPackageReference "realm-swift" */;
			productName = RealmSwift;
		};
		307176302B0E35D5001C19B1 /* JOSESwift */ = {
			isa = XCSwiftPackageProductDependency;
			package = 3071762F2B0E35D4001C19B1 /* XCRemoteSwiftPackageReference "JOSESwift" */;
			productName = JOSESwift;
		};
		30CC3C1A2C3BF02800AFFD0D /* JWTDecode */ = {
			isa = XCSwiftPackageProductDependency;
			package = 30CC3C192C3BF02800AFFD0D /* XCRemoteSwiftPackageReference "JWTDecode" */;
			productName = JWTDecode;
		};
/* End XCSwiftPackageProductDependency section */
	};
	rootObject = 304311E62ACC05E4006B8D40 /* Project object */;
}
