
Microsoft Visual Studio Solution File, Format Version 12.00
# Visual Studio Version 17
VisualStudioVersion = 17.5.33502.453
MinimumVisualStudioVersion = 10.0.40219.1
Project("{888888A0-9F3D-457C-B088-3A5042F75D52}") = "jans-cli-tui", "jans-cli-tui\jans-cli-tui.pyproj", "{913AF612-E152-4095-AB98-DAE8C1B0D858}"
EndProject
Global
	GlobalSection(SolutionConfigurationPlatforms) = preSolution
		Debug|Any CPU = Debug|Any CPU
		Release|Any CPU = Release|Any CPU
	EndGlobalSection
	GlobalSection(ProjectConfigurationPlatforms) = postSolution
		{913AF612-E152-4095-AB98-DAE8C1B0D858}.Debug|Any CPU.ActiveCfg = Debug|Any CPU
		{913AF612-E152-4095-AB98-DAE8C1B0D858}.Release|Any CPU.ActiveCfg = Release|Any CPU
	EndGlobalSection
	GlobalSection(SolutionProperties) = preSolution
		HideSolutionNode = FALSE
	EndGlobalSection
	GlobalSection(ExtensibilityGlobals) = postSolution
		SolutionGuid = {D6B7546B-F69C-4A41-9974-575B8254CEE4}
	EndGlobalSection
EndGlobal
